
Microsoft Visual Studio Solution File, Format Version 12.00
# Visual Studio 2013
VisualStudioVersion = 12.0.40629.0
MinimumVisualStudioVersion = 10.0.40219.1
Project("{FAE04EC0-301F-11D3-BF4B-00C04F79EFBC}") = "dashboard", "dashboard\dashboard.csproj", "{009EF58B-36C6-41A5-9FA8-11FAE022766A}"
EndProject
Global
	GlobalSection(SolutionConfigurationPlatforms) = preSolution
		Debug|Any CPU = Debug|Any CPU
		Release|Any CPU = Release|Any CPU
	EndGlobalSection
	GlobalSection(ProjectConfigurationPlatforms) = postSolution
		{009EF58B-36C6-41A5-9FA8-11FAE022766A}.Debug|Any CPU.ActiveCfg = Debug|Any CPU
		{009EF58B-36C6-41A5-9FA8-11FAE022766A}.Debug|Any CPU.Build.0 = Debug|Any CPU
		{009EF58B-36C6-41A5-9FA8-11FAE022766A}.Release|Any CPU.ActiveCfg = Release|Any CPU
		{009EF58B-36C6-41A5-9FA8-11FAE022766A}.Release|Any CPU.Build.0 = Release|Any CPU
	EndGlobalSection
	GlobalSection(SolutionProperties) = preSolution
		HideSolutionNode = FALSE
	EndGlobalSection
EndGlobal
